// !$*UTF8*$!
{
	archiveVersion = 1;
	classes = {
	};
	objectVersion = 50;
	objects = {

/* Begin PBXBuildFile section */
		4706BFF42526B9AF00522209 /* AppDelegate.swift in Sources */ = {isa = PBXBuildFile; fileRef = 4706BFF32526B9AF00522209 /* AppDelegate.swift */; };
		4706BFF62526B9AF00522209 /* SceneDelegate.swift in Sources */ = {isa = PBXBuildFile; fileRef = 4706BFF52526B9AF00522209 /* SceneDelegate.swift */; };
		4706BFF82526B9AF00522209 /* ViewController.swift in Sources */ = {isa = PBXBuildFile; fileRef = 4706BFF72526B9AF00522209 /* ViewController.swift */; };
		4706BFFB2526B9AF00522209 /* Main.storyboard in Resources */ = {isa = PBXBuildFile; fileRef = 4706BFF92526B9AF00522209 /* Main.storyboard */; };
		4706BFFD2526B9B100522209 /* Assets.xcassets in Resources */ = {isa = PBXBuildFile; fileRef = 4706BFFC2526B9B100522209 /* Assets.xcassets */; };
		4706C0002526B9B100522209 /* LaunchScreen.storyboard in Resources */ = {isa = PBXBuildFile; fileRef = 4706BFFE2526B9B100522209 /* LaunchScreen.storyboard */; };
		4706C00B2526B9B100522209 /* LightTests.swift in Sources */ = {isa = PBXBuildFile; fileRef = 4706C00A2526B9B100522209 /* LightTests.swift */; };
		4706C0162526B9B100522209 /* LightUITests.swift in Sources */ = {isa = PBXBuildFile; fileRef = 4706C0152526B9B100522209 /* LightUITests.swift */; };
/* End PBXBuildFile section */

/* Begin PBXContainerItemProxy section */
		4706C0072526B9B100522209 /* PBXContainerItemProxy */ = {
			isa = PBXContainerItemProxy;
			containerPortal = 4706BFE82526B9AF00522209 /* Project object */;
			proxyType = 1;
			remoteGlobalIDString = 4706BFEF2526B9AF00522209;
			remoteInfo = Light;
		};
		4706C0122526B9B100522209 /* PBXContainerItemProxy */ = {
			isa = PBXContainerItemProxy;
			containerPortal = 4706BFE82526B9AF00522209 /* Project object */;
			proxyType = 1;
			remoteGlobalIDString = 4706BFEF2526B9AF00522209;
			remoteInfo = Light;
		};
/* End PBXContainerItemProxy section */

/* Begin PBXFileReference section */
		4706BFF02526B9AF00522209 /* Light.app */ = {isa = PBXFileReference; explicitFileType = wrapper.application; includeInIndex = 0; path = Light.app; sourceTree = BUILT_PRODUCTS_DIR; };
		4706BFF32526B9AF00522209 /* AppDelegate.swift */ = {isa = PBXFileReference; lastKnownFileType = sourcecode.swift; path = AppDelegate.swift; sourceTree = "<group>"; };
		4706BFF52526B9AF00522209 /* SceneDelegate.swift */ = {isa = PBXFileReference; lastKnownFileType = sourcecode.swift; path = SceneDelegate.swift; sourceTree = "<group>"; };
		4706BFF72526B9AF00522209 /* ViewController.swift */ = {isa = PBXFileReference; lastKnownFileType = sourcecode.swift; path = ViewController.swift; sourceTree = "<group>"; };
		4706BFFA2526B9AF00522209 /* Base */ = {isa = PBXFileReference; lastKnownFileType = file.storyboard; name = Base; path = Base.lproj/Main.storyboard; sourceTree = "<group>"; };
		4706BFFC2526B9B100522209 /* Assets.xcassets */ = {isa = PBXFileReference; lastKnownFileType = folder.assetcatalog; path = Assets.xcassets; sourceTree = "<group>"; };
		4706BFFF2526B9B100522209 /* Base */ = {isa = PBXFileReference; lastKnownFileType = file.storyboard; name = Base; path = Base.lproj/LaunchScreen.storyboard; sourceTree = "<group>"; };
		4706C0012526B9B100522209 /* Info.plist */ = {isa = PBXFileReference; lastKnownFileType = text.plist.xml; path = Info.plist; sourceTree = "<group>"; };
		4706C0062526B9B100522209 /* LightTests.xctest */ = {isa = PBXFileReference; explicitFileType = wrapper.cfbundle; includeInIndex = 0; path = LightTests.xctest; sourceTree = BUILT_PRODUCTS_DIR; };
		4706C00A2526B9B100522209 /* LightTests.swift */ = {isa = PBXFileReference; lastKnownFileType = sourcecode.swift; path = LightTests.swift; sourceTree = "<group>"; };
		4706C00C2526B9B100522209 /* Info.plist */ = {isa = PBXFileReference; lastKnownFileType = text.plist.xml; path = Info.plist; sourceTree = "<group>"; };
		4706C0112526B9B100522209 /* LightUITests.xctest */ = {isa = PBXFileReference; explicitFileType = wrapper.cfbundle; includeInIndex = 0; path = LightUITests.xctest; sourceTree = BUILT_PRODUCTS_DIR; };
		4706C0152526B9B100522209 /* LightUITests.swift */ = {isa = PBXFileReference; lastKnownFileType = sourcecode.swift; path = LightUITests.swift; sourceTree = "<group>"; };
		4706C0172526B9B100522209 /* Info.plist */ = {isa = PBXFileReference; lastKnownFileType = text.plist.xml; path = Info.plist; sourceTree = "<group>"; };
/* End PBXFileReference section */

/* Begin PBXFrameworksBuildPhase section */
		4706BFED2526B9AF00522209 /* Frameworks */ = {
			isa = PBXFrameworksBuildPhase;
			buildActionMask = 2147483647;
			files = (
			);
			runOnlyForDeploymentPostprocessing = 0;
		};
		4706C0032526B9B100522209 /* Frameworks */ = {
			isa = PBXFrameworksBuildPhase;
			buildActionMask = 2147483647;
			files = (
			);
			runOnlyForDeploymentPostprocessing = 0;
		};
		4706C00E2526B9B100522209 /* Frameworks */ = {
			isa = PBXFrameworksBuildPhase;
			buildActionMask = 2147483647;
			files = (
			);
			runOnlyForDeploymentPostprocessing = 0;
		};
/* End PBXFrameworksBuildPhase section */

/* Begin PBXGroup section */
		4706BFE72526B9AF00522209 = {
			isa = PBXGroup;
			children = (
				4706BFF22526B9AF00522209 /* Light */,
				4706C0092526B9B100522209 /* LightTests */,
				4706C0142526B9B100522209 /* LightUITests */,
				4706BFF12526B9AF00522209 /* Products */,
			);
			sourceTree = "<group>";
		};
		4706BFF12526B9AF00522209 /* Products */ = {
			isa = PBXGroup;
			children = (
				4706BFF02526B9AF00522209 /* Light.app */,
				4706C0062526B9B100522209 /* LightTests.xctest */,
				4706C0112526B9B100522209 /* LightUITests.xctest */,
			);
			name = Products;
			sourceTree = "<group>";
		};
		4706BFF22526B9AF00522209 /* Light */ = {
			isa = PBXGroup;
			children = (
				4706BFF32526B9AF00522209 /* AppDelegate.swift */,
				4706BFF52526B9AF00522209 /* SceneDelegate.swift */,
				4706BFF72526B9AF00522209 /* ViewController.swift */,
				4706BFF92526B9AF00522209 /* Main.storyboard */,
				4706BFFC2526B9B100522209 /* Assets.xcassets */,
				4706BFFE2526B9B100522209 /* LaunchScreen.storyboard */,
				4706C0012526B9B100522209 /* Info.plist */,
			);
			path = Light;
			sourceTree = "<group>";
		};
		4706C0092526B9B100522209 /* LightTests */ = {
			isa = PBXGroup;
			children = (
				4706C00A2526B9B100522209 /* LightTests.swift */,
				4706C00C2526B9B100522209 /* Info.plist */,
			);
			path = LightTests;
			sourceTree = "<group>";
		};
		4706C0142526B9B100522209 /* LightUITests */ = {
			isa = PBXGroup;
			children = (
				4706C0152526B9B100522209 /* LightUITests.swift */,
				4706C0172526B9B100522209 /* Info.plist */,
			);
			path = LightUITests;
			sourceTree = "<group>";
		};
/* End PBXGroup section */

/* Begin PBXNativeTarget section */
		4706BFEF2526B9AF00522209 /* Light */ = {
			isa = PBXNativeTarget;
			buildConfigurationList = 4706C01A2526B9B100522209 /* Build configuration list for PBXNativeTarget "Light" */;
			buildPhases = (
				4706BFEC2526B9AF00522209 /* Sources */,
				4706BFED2526B9AF00522209 /* Frameworks */,
				4706BFEE2526B9AF00522209 /* Resources */,
			);
			buildRules = (
			);
			dependencies = (
			);
			name = Light;
			productName = Light;
			productReference = 4706BFF02526B9AF00522209 /* Light.app */;
			productType = "com.apple.product-type.application";
		};
		4706C0052526B9B100522209 /* LightTests */ = {
			isa = PBXNativeTarget;
			buildConfigurationList = 4706C01D2526B9B100522209 /* Build configuration list for PBXNativeTarget "LightTests" */;
			buildPhases = (
				4706C0022526B9B100522209 /* Sources */,
				4706C0032526B9B100522209 /* Frameworks */,
				4706C0042526B9B100522209 /* Resources */,
			);
			buildRules = (
			);
			dependencies = (
				4706C0082526B9B100522209 /* PBXTargetDependency */,
			);
			name = LightTests;
			productName = LightTests;
			productReference = 4706C0062526B9B100522209 /* LightTests.xctest */;
			productType = "com.apple.product-type.bundle.unit-test";
		};
		4706C0102526B9B100522209 /* LightUITests */ = {
			isa = PBXNativeTarget;
			buildConfigurationList = 4706C0202526B9B100522209 /* Build configuration list for PBXNativeTarget "LightUITests" */;
			buildPhases = (
				4706C00D2526B9B100522209 /* Sources */,
				4706C00E2526B9B100522209 /* Frameworks */,
				4706C00F2526B9B100522209 /* Resources */,
			);
			buildRules = (
			);
			dependencies = (
				4706C0132526B9B100522209 /* PBXTargetDependency */,
			);
			name = LightUITests;
			productName = LightUITests;
			productReference = 4706C0112526B9B100522209 /* LightUITests.xctest */;
			productType = "com.apple.product-type.bundle.ui-testing";
		};
/* End PBXNativeTarget section */

/* Begin PBXProject section */
		4706BFE82526B9AF00522209 /* Project object */ = {
			isa = PBXProject;
			attributes = {
				LastSwiftUpdateCheck = 1200;
				LastUpgradeCheck = 1200;
				TargetAttributes = {
					4706BFEF2526B9AF00522209 = {
						CreatedOnToolsVersion = 12.0.1;
					};
					4706C0052526B9B100522209 = {
						CreatedOnToolsVersion = 12.0.1;
						TestTargetID = 4706BFEF2526B9AF00522209;
					};
					4706C0102526B9B100522209 = {
						CreatedOnToolsVersion = 12.0.1;
						TestTargetID = 4706BFEF2526B9AF00522209;
					};
				};
			};
			buildConfigurationList = 4706BFEB2526B9AF00522209 /* Build configuration list for PBXProject "Light" */;
			compatibilityVersion = "Xcode 9.3";
			developmentRegion = en;
			hasScannedForEncodings = 0;
			knownRegions = (
				en,
				Base,
			);
			mainGroup = 4706BFE72526B9AF00522209;
			productRefGroup = 4706BFF12526B9AF00522209 /* Products */;
			projectDirPath = "";
			projectRoot = "";
			targets = (
				4706BFEF2526B9AF00522209 /* Light */,
				4706C0052526B9B100522209 /* LightTests */,
				4706C0102526B9B100522209 /* LightUITests */,
			);
		};
/* End PBXProject section */

/* Begin PBXResourcesBuildPhase section */
		4706BFEE2526B9AF00522209 /* Resources */ = {
			isa = PBXResourcesBuildPhase;
			buildActionMask = 2147483647;
			files = (
				4706C0002526B9B100522209 /* LaunchScreen.storyboard in Resources */,
				4706BFFD2526B9B100522209 /* Assets.xcassets in Resources */,
				4706BFFB2526B9AF00522209 /* Main.storyboard in Resources */,
			);
			runOnlyForDeploymentPostprocessing = 0;
		};
		4706C0042526B9B100522209 /* Resources */ = {
			isa = PBXResourcesBuildPhase;
			buildActionMask = 2147483647;
			files = (
			);
			runOnlyForDeploymentPostprocessing = 0;
		};
		4706C00F2526B9B100522209 /* Resources */ = {
			isa = PBXResourcesBuildPhase;
			buildActionMask = 2147483647;
			files = (
			);
			runOnlyForDeploymentPostprocessing = 0;
		};
/* End PBXResourcesBuildPhase section */

/* Begin PBXSourcesBuildPhase section */
		4706BFEC2526B9AF00522209 /* Sources */ = {
			isa = PBXSourcesBuildPhase;
			buildActionMask = 2147483647;
			files = (
				4706BFF82526B9AF00522209 /* ViewController.swift in Sources */,
				4706BFF42526B9AF00522209 /* AppDelegate.swift in Sources */,
				4706BFF62526B9AF00522209 /* SceneDelegate.swift in Sources */,
			);
			runOnlyForDeploymentPostprocessing = 0;
		};
		4706C0022526B9B100522209 /* Sources */ = {
			isa = PBXSourcesBuildPhase;
			buildActionMask = 2147483647;
			files = (
				4706C00B2526B9B100522209 /* LightTests.swift in Sources */,
			);
			runOnlyForDeploymentPostprocessing = 0;
		};
		4706C00D2526B9B100522209 /* Sources */ = {
			isa = PBXSourcesBuildPhase;
			buildActionMask = 2147483647;
			files = (
				4706C0162526B9B100522209 /* LightUITests.swift in Sources */,
			);
			runOnlyForDeploymentPostprocessing = 0;
		};
/* End PBXSourcesBuildPhase section */

/* Begin PBXTargetDependency section */
		4706C0082526B9B100522209 /* PBXTargetDependency */ = {
			isa = PBXTargetDependency;
			target = 4706BFEF2526B9AF00522209 /* Light */;
			targetProxy = 4706C0072526B9B100522209 /* PBXContainerItemProxy */;
		};
		4706C0132526B9B100522209 /* PBXTargetDependency */ = {
			isa = PBXTargetDependency;
			target = 4706BFEF2526B9AF00522209 /* Light */;
			targetProxy = 4706C0122526B9B100522209 /* PBXContainerItemProxy */;
		};
/* End PBXTargetDependency section */

/* Begin PBXVariantGroup section */
		4706BFF92526B9AF00522209 /* Main.storyboard */ = {
			isa = PBXVariantGroup;
			children = (
				4706BFFA2526B9AF00522209 /* Base */,
			);
			name = Main.storyboard;
			sourceTree = "<group>";
		};
		4706BFFE2526B9B100522209 /* LaunchScreen.storyboard */ = {
			isa = PBXVariantGroup;
			children = (
				4706BFFF2526B9B100522209 /* Base */,
			);
			name = LaunchScreen.storyboard;
			sourceTree = "<group>";
		};
/* End PBXVariantGroup section */

/* Begin XCBuildConfiguration section */
		4706C0182526B9B100522209 /* Debug */ = {
			isa = XCBuildConfiguration;
			buildSettings = {
				ALWAYS_SEARCH_USER_PATHS = NO;
				CLANG_ANALYZER_NONNULL = YES;
				CLANG_ANALYZER_NUMBER_OBJECT_CONVERSION = YES_AGGRESSIVE;
				CLANG_CXX_LANGUAGE_STANDARD = "gnu++14";
				CLANG_CXX_LIBRARY = "libc++";
				CLANG_ENABLE_MODULES = YES;
				CLANG_ENABLE_OBJC_ARC = YES;
				CLANG_ENABLE_OBJC_WEAK = YES;
				CLANG_WARN_BLOCK_CAPTURE_AUTORELEASING = YES;
				CLANG_WARN_BOOL_CONVERSION = YES;
				CLANG_WARN_COMMA = YES;
				CLANG_WARN_CONSTANT_CONVERSION = YES;
				CLANG_WARN_DEPRECATED_OBJC_IMPLEMENTATIONS = YES;
				CLANG_WARN_DIRECT_OBJC_ISA_USAGE = YES_ERROR;
				CLANG_WARN_DOCUMENTATION_COMMENTS = YES;
				CLANG_WARN_EMPTY_BODY = YES;
				CLANG_WARN_ENUM_CONVERSION = YES;
				CLANG_WARN_INFINITE_RECURSION = YES;
				CLANG_WARN_INT_CONVERSION = YES;
				CLANG_WARN_NON_LITERAL_NULL_CONVERSION = YES;
				CLANG_WARN_OBJC_IMPLICIT_RETAIN_SELF = YES;
				CLANG_WARN_OBJC_LITERAL_CONVERSION = YES;
				CLANG_WARN_OBJC_ROOT_CLASS = YES_ERROR;
				CLANG_WARN_QUOTED_INCLUDE_IN_FRAMEWORK_HEADER = YES;
				CLANG_WARN_RANGE_LOOP_ANALYSIS = YES;
				CLANG_WARN_STRICT_PROTOTYPES = YES;
				CLANG_WARN_SUSPICIOUS_MOVE = YES;
				CLANG_WARN_UNGUARDED_AVAILABILITY = YES_AGGRESSIVE;
				CLANG_WARN_UNREACHABLE_CODE = YES;
				CLANG_WARN__DUPLICATE_METHOD_MATCH = YES;
				COPY_PHASE_STRIP = NO;
				DEBUG_INFORMATION_FORMAT = dwarf;
				ENABLE_STRICT_OBJC_MSGSEND = YES;
				ENABLE_TESTABILITY = YES;
				GCC_C_LANGUAGE_STANDARD = gnu11;
				GCC_DYNAMIC_NO_PIC = NO;
				GCC_NO_COMMON_BLOCKS = YES;
				GCC_OPTIMIZATION_LEVEL = 0;
				GCC_PREPROCESSOR_DEFINITIONS = (
					"DEBUG=1",
					"$(inherited)",
				);
				GCC_WARN_64_TO_32_BIT_CONVERSION = YES;
				GCC_WARN_ABOUT_RETURN_TYPE = YES_ERROR;
				GCC_WARN_UNDECLARED_SELECTOR = YES;
				GCC_WARN_UNINITIALIZED_AUTOS = YES_AGGRESSIVE;
				GCC_WARN_UNUSED_FUNCTION = YES;
				GCC_WARN_UNUSED_VARIABLE = YES;
				IPHONEOS_DEPLOYMENT_TARGET = 14.0;
				MTL_ENABLE_DEBUG_INFO = INCLUDE_SOURCE;
				MTL_FAST_MATH = YES;
				ONLY_ACTIVE_ARCH = YES;
				SDKROOT = iphoneos;
				SWIFT_ACTIVE_COMPILATION_CONDITIONS = DEBUG;
				SWIFT_OPTIMIZATION_LEVEL = "-Onone";
			};
			name = Debug;
		};
		4706C0192526B9B100522209 /* Release */ = {
			isa = XCBuildConfiguration;
			buildSettings = {
				ALWAYS_SEARCH_USER_PATHS = NO;
				CLANG_ANALYZER_NONNULL = YES;
				CLANG_ANALYZER_NUMBER_OBJECT_CONVERSION = YES_AGGRESSIVE;
				CLANG_CXX_LANGUAGE_STANDARD = "gnu++14";
				CLANG_CXX_LIBRARY = "libc++";
				CLANG_ENABLE_MODULES = YES;
				CLANG_ENABLE_OBJC_ARC = YES;
				CLANG_ENABLE_OBJC_WEAK = YES;
				CLANG_WARN_BLOCK_CAPTURE_AUTORELEASING = YES;
				CLANG_WARN_BOOL_CONVERSION = YES;
				CLANG_WARN_COMMA = YES;
				CLANG_WARN_CONSTANT_CONVERSION = YES;
				CLANG_WARN_DEPRECATED_OBJC_IMPLEMENTATIONS = YES;
				CLANG_WARN_DIRECT_OBJC_ISA_USAGE = YES_ERROR;
				CLANG_WARN_DOCUMENTATION_COMMENTS = YES;
				CLANG_WARN_EMPTY_BODY = YES;
				CLANG_WARN_ENUM_CONVERSION = YES;
				CLANG_WARN_INFINITE_RECURSION = YES;
				CLANG_WARN_INT_CONVERSION = YES;
				CLANG_WARN_NON_LITERAL_NULL_CONVERSION = YES;
				CLANG_WARN_OBJC_IMPLICIT_RETAIN_SELF = YES;
				CLANG_WARN_OBJC_LITERAL_CONVERSION = YES;
				CLANG_WARN_OBJC_ROOT_CLASS = YES_ERROR;
				CLANG_WARN_QUOTED_INCLUDE_IN_FRAMEWORK_HEADER = YES;
				CLANG_WARN_RANGE_LOOP_ANALYSIS = YES;
				CLANG_WARN_STRICT_PROTOTYPES = YES;
				CLANG_WARN_SUSPICIOUS_MOVE = YES;
				CLANG_WARN_UNGUARDED_AVAILABILITY = YES_AGGRESSIVE;
				CLANG_WARN_UNREACHABLE_CODE = YES;
				CLANG_WARN__DUPLICATE_METHOD_MATCH = YES;
				COPY_PHASE_STRIP = NO;
				DEBUG_INFORMATION_FORMAT = "dwarf-with-dsym";
				ENABLE_NS_ASSERTIONS = NO;
				ENABLE_STRICT_OBJC_MSGSEND = YES;
				GCC_C_LANGUAGE_STANDARD = gnu11;
				GCC_NO_COMMON_BLOCKS = YES;
				GCC_WARN_64_TO_32_BIT_CONVERSION = YES;
				GCC_WARN_ABOUT_RETURN_TYPE = YES_ERROR;
				GCC_WARN_UNDECLARED_SELECTOR = YES;
				GCC_WARN_UNINITIALIZED_AUTOS = YES_AGGRESSIVE;
				GCC_WARN_UNUSED_FUNCTION = YES;
				GCC_WARN_UNUSED_VARIABLE = YES;
				IPHONEOS_DEPLOYMENT_TARGET = 14.0;
				MTL_ENABLE_DEBUG_INFO = NO;
				MTL_FAST_MATH = YES;
				SDKROOT = iphoneos;
				SWIFT_COMPILATION_MODE = wholemodule;
				SWIFT_OPTIMIZATION_LEVEL = "-O";
				VALIDATE_PRODUCT = YES;
			};
			name = Release;
		};
		4706C01B2526B9B100522209 /* Debug */ = {
			isa = XCBuildConfiguration;
			buildSettings = {
				ASSETCATALOG_COMPILER_APPICON_NAME = AppIcon;
				ASSETCATALOG_COMPILER_GLOBAL_ACCENT_COLOR_NAME = AccentColor;
				CODE_SIGN_STYLE = Automatic;
				INFOPLIST_FILE = Light/Info.plist;
				LD_RUNPATH_SEARCH_PATHS = (
					"$(inherited)",
					"@executable_path/Frameworks",
				);
				PRODUCT_BUNDLE_IDENTIFIER = com.TranitaTerry.Light;
				PRODUCT_NAME = "$(TARGET_NAME)";
				SWIFT_VERSION = 5.0;
				TARGETED_DEVICE_FAMILY = "1,2";
			};
			name = Debug;
		};
		4706C01C2526B9B100522209 /* Release */ = {
			isa = XCBuildConfiguration;
			buildSettings = {
				ASSETCATALOG_COMPILER_APPICON_NAME = AppIcon;
				ASSETCATALOG_COMPILER_GLOBAL_ACCENT_COLOR_NAME = AccentColor;
				CODE_SIGN_STYLE = Automatic;
				INFOPLIST_FILE = Light/Info.plist;
				LD_RUNPATH_SEARCH_PATHS = (
					"$(inherited)",
					"@executable_path/Frameworks",
				);
				PRODUCT_BUNDLE_IDENTIFIER = com.TranitaTerry.Light;
				PRODUCT_NAME = "$(TARGET_NAME)";
				SWIFT_VERSION = 5.0;
				TARGETED_DEVICE_FAMILY = "1,2";
			};
			name = Release;
		};
		4706C01E2526B9B100522209 /* Debug */ = {
			isa = XCBuildConfiguration;
			buildSettings = {
				ALWAYS_EMBED_SWIFT_STANDARD_LIBRARIES = YES;
				BUNDLE_LOADER = "$(TEST_HOST)";
				CODE_SIGN_STYLE = Automatic;
				INFOPLIST_FILE = LightTests/Info.plist;
				IPHONEOS_DEPLOYMENT_TARGET = 14.0;
				LD_RUNPATH_SEARCH_PATHS = (
					"$(inherited)",
					"@executable_path/Frameworks",
					"@loader_path/Frameworks",
				);
				PRODUCT_BUNDLE_IDENTIFIER = com.TranitaTerry.LightTests;
				PRODUCT_NAME = "$(TARGET_NAME)";
				SWIFT_VERSION = 5.0;
				TARGETED_DEVICE_FAMILY = "1,2";
				TEST_HOST = "$(BUILT_PRODUCTS_DIR)/Light.app/Light";
			};
			name = Debug;
		};
		4706C01F2526B9B100522209 /* Release */ = {
			isa = XCBuildConfiguration;
			buildSettings = {
				ALWAYS_EMBED_SWIFT_STANDARD_LIBRARIES = YES;
				BUNDLE_LOADER = "$(TEST_HOST)";
				CODE_SIGN_STYLE = Automatic;
				INFOPLIST_FILE = LightTests/Info.plist;
				IPHONEOS_DEPLOYMENT_TARGET = 14.0;
				LD_RUNPATH_SEARCH_PATHS = (
					"$(inherited)",
					"@executable_path/Frameworks",
					"@loader_path/Frameworks",
				);
				PRODUCT_BUNDLE_IDENTIFIER = com.TranitaTerry.LightTests;
				PRODUCT_NAME = "$(TARGET_NAME)";
				SWIFT_VERSION = 5.0;
				TARGETED_DEVICE_FAMILY = "1,2";
				TEST_HOST = "$(BUILT_PRODUCTS_DIR)/Light.app/Light";
			};
			name = Release;
		};
		4706C0212526B9B100522209 /* Debug */ = {
			isa = XCBuildConfiguration;
			buildSettings = {
				ALWAYS_EMBED_SWIFT_STANDARD_LIBRARIES = YES;
				CODE_SIGN_STYLE = Automatic;
				INFOPLIST_FILE = LightUITests/Info.plist;
				LD_RUNPATH_SEARCH_PATHS = (
					"$(inherited)",
					"@executable_path/Frameworks",
					"@loader_path/Frameworks",
				);
				PRODUCT_BUNDLE_IDENTIFIER = com.TranitaTerry.LightUITests;
				PRODUCT_NAME = "$(TARGET_NAME)";
				SWIFT_VERSION = 5.0;
				TARGETED_DEVICE_FAMILY = "1,2";
				TEST_TARGET_NAME = Light;
			};
			name = Debug;
		};
		4706C0222526B9B100522209 /* Release */ = {
			isa = XCBuildConfiguration;
			buildSettings = {
				ALWAYS_EMBED_SWIFT_STANDARD_LIBRARIES = YES;
				CODE_SIGN_STYLE = Automatic;
				INFOPLIST_FILE = LightUITests/Info.plist;
				LD_RUNPATH_SEARCH_PATHS = (
					"$(inherited)",
					"@executable_path/Frameworks",
					"@loader_path/Frameworks",
				);
				PRODUCT_BUNDLE_IDENTIFIER = com.TranitaTerry.LightUITests;
				PRODUCT_NAME = "$(TARGET_NAME)";
				SWIFT_VERSION = 5.0;
				TARGETED_DEVICE_FAMILY = "1,2";
				TEST_TARGET_NAME = Light;
			};
			name = Release;
		};
/* End XCBuildConfiguration section */

/* Begin XCConfigurationList section */
		4706BFEB2526B9AF00522209 /* Build configuration list for PBXProject "Light" */ = {
			isa = XCConfigurationList;
			buildConfigurations = (
				4706C0182526B9B100522209 /* Debug */,
				4706C0192526B9B100522209 /* Release */,
			);
			defaultConfigurationIsVisible = 0;
			defaultConfigurationName = Release;
		};
		4706C01A2526B9B100522209 /* Build configuration list for PBXNativeTarget "Light" */ = {
			isa = XCConfigurationList;
			buildConfigurations = (
				4706C01B2526B9B100522209 /* Debug */,
				4706C01C2526B9B100522209 /* Release */,
			);
			defaultConfigurationIsVisible = 0;
			defaultConfigurationName = Release;
		};
		4706C01D2526B9B100522209 /* Build configuration list for PBXNativeTarget "LightTests" */ = {
			isa = XCConfigurationList;
			buildConfigurations = (
				4706C01E2526B9B100522209 /* Debug */,
				4706C01F2526B9B100522209 /* Release */,
			);
			defaultConfigurationIsVisible = 0;
			defaultConfigurationName = Release;
		};
		4706C0202526B9B100522209 /* Build configuration list for PBXNativeTarget "LightUITests" */ = {
			isa = XCConfigurationList;
			buildConfigurations = (
				4706C0212526B9B100522209 /* Debug */,
				4706C0222526B9B100522209 /* Release */,
			);
			defaultConfigurationIsVisible = 0;
			defaultConfigurationName = Release;
		};
/* End XCConfigurationList section */
	};
	rootObject = 4706BFE82526B9AF00522209 /* Project object */;
}
